
Microsoft Visual Studio Solution File, Format Version 12.00
# Visual Studio Version 17
VisualStudioVersion = 17.2.32616.157
MinimumVisualStudioVersion = 10.0.40219.1
Project("{FAE04EC0-301F-11D3-BF4B-00C04F79EFBC}") = "CoordPicker", "CoordPicker\CoordPicker.csproj", "{11ED3129-92AA-49F2-B61A-7AF6AF09ACC0}"
EndProject
Global
	GlobalSection(SolutionConfigurationPlatforms) = preSolution
		Debug|Any CPU = Debug|Any CPU
		Release|Any CPU = Release|Any CPU
	EndGlobalSection
	GlobalSection(ProjectConfigurationPlatforms) = postSolution
		{11ED3129-92AA-49F2-B61A-7AF6AF09ACC0}.Debug|Any CPU.ActiveCfg = Debug|Any CPU
		{11ED3129-92AA-49F2-B61A-7AF6AF09ACC0}.Debug|Any CPU.Build.0 = Debug|Any CPU
		{11ED3129-92AA-49F2-B61A-7AF6AF09ACC0}.Release|Any CPU.ActiveCfg = Release|Any CPU
		{11ED3129-92AA-49F2-B61A-7AF6AF09ACC0}.Release|Any CPU.Build.0 = Release|Any CPU
	EndGlobalSection
	GlobalSection(SolutionProperties) = preSolution
		HideSolutionNode = FALSE
	EndGlobalSection
	GlobalSection(ExtensibilityGlobals) = postSolution
		SolutionGuid = {FD6853AB-483C-45B5-9C23-EF58BF9EEFAA}
	EndGlobalSection
EndGlobal
